
Microsoft Visual Studio Solution File, Format Version 12.00
# Visual Studio Version 17
VisualStudioVersion = 17.7.34202.233
MinimumVisualStudioVersion = 10.0.40219.1
Project("{8BC9CEB8-8B4A-11D0-8D11-00A0C91BC942}") = "Project3", "Project3\Project3.vcxproj", "{DFA4F4CB-6C75-4CFE-98BB-2D15254284AC}"
EndProject
Global
	GlobalSection(SolutionConfigurationPlatforms) = preSolution
		Debug|x64 = Debug|x64
		Debug|x86 = Debug|x86
		Release|x64 = Release|x64
		Release|x86 = Release|x86
	EndGlobalSection
	GlobalSection(ProjectConfigurationPlatforms) = postSolution
		{DFA4F4CB-6C75-4CFE-98BB-2D15254284AC}.Debug|x64.ActiveCfg = Debug|x64
		{DFA4F4CB-6C75-4CFE-98BB-2D15254284AC}.Debug|x64.Build.0 = Debug|x64
		{DFA4F4CB-6C75-4CFE-98BB-2D15254284AC}.Debug|x86.ActiveCfg = Debug|Win32
		{DFA4F4CB-6C75-4CFE-98BB-2D15254284AC}.Debug|x86.Build.0 = Debug|Win32
		{DFA4F4CB-6C75-4CFE-98BB-2D15254284AC}.Release|x64.ActiveCfg = Release|x64
		{DFA4F4CB-6C75-4CFE-98BB-2D15254284AC}.Release|x64.Build.0 = Release|x64
		{DFA4F4CB-6C75-4CFE-98BB-2D15254284AC}.Release|x86.ActiveCfg = Release|Win32
		{DFA4F4CB-6C75-4CFE-98BB-2D15254284AC}.Release|x86.Build.0 = Release|Win32
	EndGlobalSection
	GlobalSection(SolutionProperties) = preSolution
		HideSolutionNode = FALSE
	EndGlobalSection
	GlobalSection(ExtensibilityGlobals) = postSolution
		SolutionGuid = {71F41EA2-AD8B-4F98-B383-E40DCC777809}
	EndGlobalSection
EndGlobal
